{
  "name": "armarius-utils",
  "version": "1.0.0",
  "lockfileVersion": 2,
  "requires": true,
  "packages": {
    "": {
      "name": "armarius-utils",
      "version": "1.0.0",
      "license": "MIT",
      "dependencies": {
        "armarius": "^1.9.1"
      }
    },
    "node_modules/armarius": {
      "version": "1.9.1",
      "resolved": "https://registry.npmjs.org/armarius/-/armarius-1.9.1.tgz",
      "integrity": "sha512-w9os6rNIWrBSX7in5Rnm7eaQl0E7x0W+AEwxdmgKCW6HA1xBgUAFHfnPiajesAdB8S+NbzguFSNgxl+tq0FykQ==",
      "dependencies": {
        "fflate": "^0.7.3"
      }
    },
    "node_modules/fflate": {
      "version": "0.7.4",
      "resolved": "https://registry.npmjs.org/fflate/-/fflate-0.7.4.tgz",
      "integrity": "sha512-5u2V/CDW15QM1XbbgS+0DfPxVB+jUKhWEKuuFuHncbk3tEEqzmoXL+2KyOFuKGqOnmdIy0/davWF1CkuwtibCw=="
    }
  },
  "dependencies": {
    "armarius": {
      "version": "1.9.1",
      "resolved": "https://registry.npmjs.org/armarius/-/armarius-1.9.1.tgz",
      "integrity": "sha512-w9os6rNIWrBSX7in5Rnm7eaQl0E7x0W+AEwxdmgKCW6HA1xBgUAFHfnPiajesAdB8S+NbzguFSNgxl+tq0FykQ==",
      "requires": {
        "fflate": "^0.7.3"
      }
    },
    "fflate": {
      "version": "0.7.4",
      "resolved": "https://registry.npmjs.org/fflate/-/fflate-0.7.4.tgz",
      "integrity": "sha512-5u2V/CDW15QM1XbbgS+0DfPxVB+jUKhWEKuuFuHncbk3tEEqzmoXL+2KyOFuKGqOnmdIy0/davWF1CkuwtibCw=="
    }
  }
}
